
Microsoft Visual Studio Solution File, Format Version 12.00
# Visual Studio 15
VisualStudioVersion = 15.0.28010.2003
MinimumVisualStudioVersion = 10.0.40219.1
Project("{9A19103F-16F7-4668-BE54-9A1E7A4F7556}") = "Kamban", "Kamban\Kamban.csproj", "{674D4998-BE6E-46DC-AA12-30373D83CB2B}"
EndProject
Project("{9A19103F-16F7-4668-BE54-9A1E7A4F7556}") = "Kamban.Repository", "Kamban.Repository\Kamban.Repository.csproj", "{35E0996B-9597-470D-A963-2D9D58A7E08C}"
EndProject
Project("{9A19103F-16F7-4668-BE54-9A1E7A4F7556}") = "Kamban.Repository.LiteDb", "Kamban.Repository.LiteDb\Kamban.Repository.LiteDb.csproj", "{9022914E-DD48-4CF0-952C-8B334FCBC185}"
EndProject
Project("{FAE04EC0-301F-11D3-BF4B-00C04F79EFBC}") = "Kamban.Export", "Kamban.Export\Kamban.Export.csproj", "{8988AE96-5CFA-4DAE-9822-EF521E3EB167}"
EndProject
Project("{FAE04EC0-301F-11D3-BF4B-00C04F79EFBC}") = "Kamban.Common", "Kamban.Common\Kamban.Common.csproj", "{C3FAF864-B44D-4600-A2C7-64445D80E952}"
EndProject
Global
	GlobalSection(SolutionConfigurationPlatforms) = preSolution
		Debug|Any CPU = Debug|Any CPU
		Release|Any CPU = Release|Any CPU
	EndGlobalSection
	GlobalSection(ProjectConfigurationPlatforms) = postSolution
		{674D4998-BE6E-46DC-AA12-30373D83CB2B}.Debug|Any CPU.ActiveCfg = Debug|Any CPU
		{674D4998-BE6E-46DC-AA12-30373D83CB2B}.Debug|Any CPU.Build.0 = Debug|Any CPU
		{674D4998-BE6E-46DC-AA12-30373D83CB2B}.Release|Any CPU.ActiveCfg = Release|Any CPU
		{674D4998-BE6E-46DC-AA12-30373D83CB2B}.Release|Any CPU.Build.0 = Release|Any CPU
		{35E0996B-9597-470D-A963-2D9D58A7E08C}.Debug|Any CPU.ActiveCfg = Debug|Any CPU
		{35E0996B-9597-470D-A963-2D9D58A7E08C}.Debug|Any CPU.Build.0 = Debug|Any CPU
		{35E0996B-9597-470D-A963-2D9D58A7E08C}.Release|Any CPU.ActiveCfg = Release|Any CPU
		{35E0996B-9597-470D-A963-2D9D58A7E08C}.Release|Any CPU.Build.0 = Release|Any CPU
		{9022914E-DD48-4CF0-952C-8B334FCBC185}.Debug|Any CPU.ActiveCfg = Debug|Any CPU
		{9022914E-DD48-4CF0-952C-8B334FCBC185}.Debug|Any CPU.Build.0 = Debug|Any CPU
		{9022914E-DD48-4CF0-952C-8B334FCBC185}.Release|Any CPU.ActiveCfg = Release|Any CPU
		{9022914E-DD48-4CF0-952C-8B334FCBC185}.Release|Any CPU.Build.0 = Release|Any CPU
		{8988AE96-5CFA-4DAE-9822-EF521E3EB167}.Debug|Any CPU.ActiveCfg = Debug|Any CPU
		{8988AE96-5CFA-4DAE-9822-EF521E3EB167}.Debug|Any CPU.Build.0 = Debug|Any CPU
		{8988AE96-5CFA-4DAE-9822-EF521E3EB167}.Release|Any CPU.ActiveCfg = Release|Any CPU
		{8988AE96-5CFA-4DAE-9822-EF521E3EB167}.Release|Any CPU.Build.0 = Release|Any CPU
		{C3FAF864-B44D-4600-A2C7-64445D80E952}.Debug|Any CPU.ActiveCfg = Debug|Any CPU
		{C3FAF864-B44D-4600-A2C7-64445D80E952}.Debug|Any CPU.Build.0 = Debug|Any CPU
		{C3FAF864-B44D-4600-A2C7-64445D80E952}.Release|Any CPU.ActiveCfg = Release|Any CPU
		{C3FAF864-B44D-4600-A2C7-64445D80E952}.Release|Any CPU.Build.0 = Release|Any CPU
	EndGlobalSection
	GlobalSection(SolutionProperties) = preSolution
		HideSolutionNode = FALSE
	EndGlobalSection
	GlobalSection(ExtensibilityGlobals) = postSolution
		SolutionGuid = {E2B8F5E4-C8F9-40AB-B223-0B1E8E800F23}
	EndGlobalSection
EndGlobal
