
Microsoft Visual Studio Solution File, Format Version 12.00
# Visual Studio Version 16
VisualStudioVersion = 16.0.29613.14
MinimumVisualStudioVersion = 10.0.40219.1
Project("{9A19103F-16F7-4668-BE54-9A1E7A4F7556}") = "Kamban", "Kamban\Kamban.csproj", "{674D4998-BE6E-46DC-AA12-30373D83CB2B}"
EndProject
Project("{9A19103F-16F7-4668-BE54-9A1E7A4F7556}") = "Kamban.Repository.LiteDb", "Kamban.Repository.LiteDb\Kamban.Repository.LiteDb.csproj", "{9022914E-DD48-4CF0-952C-8B334FCBC185}"
EndProject
Project("{9A19103F-16F7-4668-BE54-9A1E7A4F7556}") = "Kamban.Export", "Kamban.Export\Kamban.Export.csproj", "{8988AE96-5CFA-4DAE-9822-EF521E3EB167}"
EndProject
Project("{9A19103F-16F7-4668-BE54-9A1E7A4F7556}") = "Kamban.Common", "Kamban.Common\Kamban.Common.csproj", "{C3FAF864-B44D-4600-A2C7-64445D80E952}"
EndProject
Project("{9A19103F-16F7-4668-BE54-9A1E7A4F7556}") = "Kamban.Templates", "Kamban.Templates\Kamban.Templates.csproj", "{E7438014-2D68-43F7-A4A8-C76FF59CAF3D}"
EndProject
Project("{9A19103F-16F7-4668-BE54-9A1E7A4F7556}") = "Kamban.Tests", "Kamban.Tests\Kamban.Tests.csproj", "{13718DEE-5C72-411F-B091-86B578B1D575}"
EndProject
Project("{9A19103F-16F7-4668-BE54-9A1E7A4F7556}") = "Kamban.Repository.Redmine", "Kamban.Repository.Redmine\Kamban.Repository.Redmine.csproj", "{2621B3F3-C179-4C8C-908E-3922D664047A}"
EndProject
Project("{FAE04EC0-301F-11D3-BF4B-00C04F79EFBC}") = "Kamban.Contracts", "Kamban.Contracts\Kamban.Contracts.csproj", "{56476044-3CCE-4C84-BFF5-AF283623DE12}"
EndProject
Global
	GlobalSection(SolutionConfigurationPlatforms) = preSolution
		Debug|Any CPU = Debug|Any CPU
		Release|Any CPU = Release|Any CPU
	EndGlobalSection
	GlobalSection(ProjectConfigurationPlatforms) = postSolution
		{674D4998-BE6E-46DC-AA12-30373D83CB2B}.Debug|Any CPU.ActiveCfg = Debug|Any CPU
		{674D4998-BE6E-46DC-AA12-30373D83CB2B}.Debug|Any CPU.Build.0 = Debug|Any CPU
		{674D4998-BE6E-46DC-AA12-30373D83CB2B}.Release|Any CPU.ActiveCfg = Release|Any CPU
		{674D4998-BE6E-46DC-AA12-30373D83CB2B}.Release|Any CPU.Build.0 = Release|Any CPU
		{9022914E-DD48-4CF0-952C-8B334FCBC185}.Debug|Any CPU.ActiveCfg = Debug|Any CPU
		{9022914E-DD48-4CF0-952C-8B334FCBC185}.Debug|Any CPU.Build.0 = Debug|Any CPU
		{9022914E-DD48-4CF0-952C-8B334FCBC185}.Release|Any CPU.ActiveCfg = Release|Any CPU
		{9022914E-DD48-4CF0-952C-8B334FCBC185}.Release|Any CPU.Build.0 = Release|Any CPU
		{8988AE96-5CFA-4DAE-9822-EF521E3EB167}.Debug|Any CPU.ActiveCfg = Debug|Any CPU
		{8988AE96-5CFA-4DAE-9822-EF521E3EB167}.Debug|Any CPU.Build.0 = Debug|Any CPU
		{8988AE96-5CFA-4DAE-9822-EF521E3EB167}.Release|Any CPU.ActiveCfg = Release|Any CPU
		{8988AE96-5CFA-4DAE-9822-EF521E3EB167}.Release|Any CPU.Build.0 = Release|Any CPU
		{C3FAF864-B44D-4600-A2C7-64445D80E952}.Debug|Any CPU.ActiveCfg = Debug|Any CPU
		{C3FAF864-B44D-4600-A2C7-64445D80E952}.Debug|Any CPU.Build.0 = Debug|Any CPU
		{C3FAF864-B44D-4600-A2C7-64445D80E952}.Release|Any CPU.ActiveCfg = Release|Any CPU
		{C3FAF864-B44D-4600-A2C7-64445D80E952}.Release|Any CPU.Build.0 = Release|Any CPU
		{E7438014-2D68-43F7-A4A8-C76FF59CAF3D}.Debug|Any CPU.ActiveCfg = Debug|Any CPU
		{E7438014-2D68-43F7-A4A8-C76FF59CAF3D}.Debug|Any CPU.Build.0 = Debug|Any CPU
		{E7438014-2D68-43F7-A4A8-C76FF59CAF3D}.Release|Any CPU.ActiveCfg = Release|Any CPU
		{E7438014-2D68-43F7-A4A8-C76FF59CAF3D}.Release|Any CPU.Build.0 = Release|Any CPU
		{13718DEE-5C72-411F-B091-86B578B1D575}.Debug|Any CPU.ActiveCfg = Debug|Any CPU
		{13718DEE-5C72-411F-B091-86B578B1D575}.Debug|Any CPU.Build.0 = Debug|Any CPU
		{13718DEE-5C72-411F-B091-86B578B1D575}.Release|Any CPU.ActiveCfg = Release|Any CPU
		{13718DEE-5C72-411F-B091-86B578B1D575}.Release|Any CPU.Build.0 = Release|Any CPU
		{2621B3F3-C179-4C8C-908E-3922D664047A}.Debug|Any CPU.ActiveCfg = Debug|Any CPU
		{2621B3F3-C179-4C8C-908E-3922D664047A}.Debug|Any CPU.Build.0 = Debug|Any CPU
		{2621B3F3-C179-4C8C-908E-3922D664047A}.Release|Any CPU.ActiveCfg = Release|Any CPU
		{2621B3F3-C179-4C8C-908E-3922D664047A}.Release|Any CPU.Build.0 = Release|Any CPU
		{56476044-3CCE-4C84-BFF5-AF283623DE12}.Debug|Any CPU.ActiveCfg = Debug|Any CPU
		{56476044-3CCE-4C84-BFF5-AF283623DE12}.Debug|Any CPU.Build.0 = Debug|Any CPU
		{56476044-3CCE-4C84-BFF5-AF283623DE12}.Release|Any CPU.ActiveCfg = Release|Any CPU
		{56476044-3CCE-4C84-BFF5-AF283623DE12}.Release|Any CPU.Build.0 = Release|Any CPU
	EndGlobalSection
	GlobalSection(SolutionProperties) = preSolution
		HideSolutionNode = FALSE
	EndGlobalSection
	GlobalSection(ExtensibilityGlobals) = postSolution
		SolutionGuid = {E2B8F5E4-C8F9-40AB-B223-0B1E8E800F23}
	EndGlobalSection
EndGlobal
